{
  "nodes": {
    "nixpkgs": {
      "locked": {
        "lastModified": 1613990625,
        "narHash": "sha256-3AzR985pLEfEN27Q/CLxaPuXYcHSdfWf0kyIa0lR79U=",
        "owner": "NixOS",
        "repo": "nixpkgs",
        "rev": "11cd34cd592f917bab5f42e2b378ab329dee3bcf",
        "type": "github"
      },
      "original": {
        "id": "nixpkgs",
        "ref": "master",
        "type": "indirect"
      }
    },
    "root": {
      "inputs": {
        "nixpkgs": "nixpkgs"
      }
    }
  },
  "root": "root",
  "version": 7
}
