{
  "nodes": {
    "nixpkgs": {
      "locked": {
        "lastModified": 1614382007,
        "narHash": "sha256-s4z3kNxtFt00wDMSmy6QcXIxvPOK2BMYYk94RjgS5ns=",
        "owner": "NixOS",
        "repo": "nixpkgs",
        "rev": "0bdaff84e82c17036402aa8eea7f12a30f9a0d62",
        "type": "github"
      },
      "original": {
        "id": "nixpkgs",
        "ref": "master",
        "type": "indirect"
      }
    },
    "root": {
      "inputs": {
        "nixpkgs": "nixpkgs"
      }
    }
  },
  "root": "root",
  "version": 7
}
